// !$*UTF8*$!
{
	archiveVersion = 1;
	classes = {
	};
	objectVersion = 46;
	objects = {

/* Begin PBXBuildFile section */
		6912CF2B18FE4BCA00BEF59D /* Foundation.framework in Frameworks */ = {isa = PBXBuildFile; fileRef = 6912CF2A18FE4BCA00BEF59D /* Foundation.framework */; };
		6912CF2D18FE4BCA00BEF59D /* CoreGraphics.framework in Frameworks */ = {isa = PBXBuildFile; fileRef = 6912CF2C18FE4BCA00BEF59D /* CoreGraphics.framework */; };
		6912CF2F18FE4BCA00BEF59D /* UIKit.framework in Frameworks */ = {isa = PBXBuildFile; fileRef = 6912CF2E18FE4BCA00BEF59D /* UIKit.framework */; };
		6912CF3518FE4BCA00BEF59D /* InfoPlist.strings in Resources */ = {isa = PBXBuildFile; fileRef = 6912CF3318FE4BCA00BEF59D /* InfoPlist.strings */; };
		6912CF3718FE4BCA00BEF59D /* main.m in Sources */ = {isa = PBXBuildFile; fileRef = 6912CF3618FE4BCA00BEF59D /* main.m */; };
		6912CF3B18FE4BCA00BEF59D /* DIVAppDelegate.m in Sources */ = {isa = PBXBuildFile; fileRef = 6912CF3A18FE4BCA00BEF59D /* DIVAppDelegate.m */; };
		6912CF3D18FE4BCA00BEF59D /* Images.xcassets in Resources */ = {isa = PBXBuildFile; fileRef = 6912CF3C18FE4BCA00BEF59D /* Images.xcassets */; };
		6912CF4418FE4BCA00BEF59D /* XCTest.framework in Frameworks */ = {isa = PBXBuildFile; fileRef = 6912CF4318FE4BCA00BEF59D /* XCTest.framework */; };
		6912CF4518FE4BCA00BEF59D /* Foundation.framework in Frameworks */ = {isa = PBXBuildFile; fileRef = 6912CF2A18FE4BCA00BEF59D /* Foundation.framework */; };
		6912CF4618FE4BCA00BEF59D /* UIKit.framework in Frameworks */ = {isa = PBXBuildFile; fileRef = 6912CF2E18FE4BCA00BEF59D /* UIKit.framework */; };
		6912CF4E18FE4BCA00BEF59D /* InfoPlist.strings in Resources */ = {isa = PBXBuildFile; fileRef = 6912CF4C18FE4BCA00BEF59D /* InfoPlist.strings */; };
		6912CF5018FE4BCA00BEF59D /* DemoImageViewerTests.m in Sources */ = {isa = PBXBuildFile; fileRef = 6912CF4F18FE4BCA00BEF59D /* DemoImageViewerTests.m */; };
		6912CF5C18FE4C0500BEF59D /* DIVMainViewController.m in Sources */ = {isa = PBXBuildFile; fileRef = 6912CF5A18FE4C0500BEF59D /* DIVMainViewController.m */; };
		6912CF5D18FE4C0500BEF59D /* DIVMainViewController.xib in Resources */ = {isa = PBXBuildFile; fileRef = 6912CF5B18FE4C0500BEF59D /* DIVMainViewController.xib */; };
		6967A06818FEA8F800AD7020 /* touch.png in Resources */ = {isa = PBXBuildFile; fileRef = 6967A06718FEA8F800AD7020 /* touch.png */; };
/* End PBXBuildFile section */

/* Begin PBXContainerItemProxy section */
		6912CF4718FE4BCA00BEF59D /* PBXContainerItemProxy */ = {
			isa = PBXContainerItemProxy;
			containerPortal = 6912CF1F18FE4BCA00BEF59D /* Project object */;
			proxyType = 1;
			remoteGlobalIDString = 6912CF2618FE4BCA00BEF59D;
			remoteInfo = DemoImageViewer;
		};
/* End PBXContainerItemProxy section */

/* Begin PBXFileReference section */
		6912CF2718FE4BCA00BEF59D /* DemoImageViewer.app */ = {isa = PBXFileReference; explicitFileType = wrapper.application; includeInIndex = 0; path = DemoImageViewer.app; sourceTree = BUILT_PRODUCTS_DIR; };
		6912CF2A18FE4BCA00BEF59D /* Foundation.framework */ = {isa = PBXFileReference; lastKnownFileType = wrapper.framework; name = Foundation.framework; path = System/Library/Frameworks/Foundation.framework; sourceTree = SDKROOT; };
		6912CF2C18FE4BCA00BEF59D /* CoreGraphics.framework */ = {isa = PBXFileReference; lastKnownFileType = wrapper.framework; name = CoreGraphics.framework; path = System/Library/Frameworks/CoreGraphics.framework; sourceTree = SDKROOT; };
		6912CF2E18FE4BCA00BEF59D /* UIKit.framework */ = {isa = PBXFileReference; lastKnownFileType = wrapper.framework; name = UIKit.framework; path = System/Library/Frameworks/UIKit.framework; sourceTree = SDKROOT; };
		6912CF3218FE4BCA00BEF59D /* DemoImageViewer-Info.plist */ = {isa = PBXFileReference; lastKnownFileType = text.plist.xml; path = "DemoImageViewer-Info.plist"; sourceTree = "<group>"; };
		6912CF3418FE4BCA00BEF59D /* en */ = {isa = PBXFileReference; lastKnownFileType = text.plist.strings; name = en; path = en.lproj/InfoPlist.strings; sourceTree = "<group>"; };
		6912CF3618FE4BCA00BEF59D /* main.m */ = {isa = PBXFileReference; lastKnownFileType = sourcecode.c.objc; path = main.m; sourceTree = "<group>"; };
		6912CF3818FE4BCA00BEF59D /* DemoImageViewer-Prefix.pch */ = {isa = PBXFileReference; lastKnownFileType = sourcecode.c.h; path = "DemoImageViewer-Prefix.pch"; sourceTree = "<group>"; };
		6912CF3918FE4BCA00BEF59D /* DIVAppDelegate.h */ = {isa = PBXFileReference; lastKnownFileType = sourcecode.c.h; path = DIVAppDelegate.h; sourceTree = "<group>"; };
		6912CF3A18FE4BCA00BEF59D /* DIVAppDelegate.m */ = {isa = PBXFileReference; lastKnownFileType = sourcecode.c.objc; path = DIVAppDelegate.m; sourceTree = "<group>"; };
		6912CF3C18FE4BCA00BEF59D /* Images.xcassets */ = {isa = PBXFileReference; lastKnownFileType = folder.assetcatalog; path = Images.xcassets; sourceTree = "<group>"; };
		6912CF4218FE4BCA00BEF59D /* DemoImageViewerTests.xctest */ = {isa = PBXFileReference; explicitFileType = wrapper.cfbundle; includeInIndex = 0; path = DemoImageViewerTests.xctest; sourceTree = BUILT_PRODUCTS_DIR; };
		6912CF4318FE4BCA00BEF59D /* XCTest.framework */ = {isa = PBXFileReference; lastKnownFileType = wrapper.framework; name = XCTest.framework; path = Library/Frameworks/XCTest.framework; sourceTree = DEVELOPER_DIR; };
		6912CF4B18FE4BCA00BEF59D /* DemoImageViewerTests-Info.plist */ = {isa = PBXFileReference; lastKnownFileType = text.plist.xml; path = "DemoImageViewerTests-Info.plist"; sourceTree = "<group>"; };
		6912CF4D18FE4BCA00BEF59D /* en */ = {isa = PBXFileReference; lastKnownFileType = text.plist.strings; name = en; path = en.lproj/InfoPlist.strings; sourceTree = "<group>"; };
		6912CF4F18FE4BCA00BEF59D /* DemoImageViewerTests.m */ = {isa = PBXFileReference; lastKnownFileType = sourcecode.c.objc; path = DemoImageViewerTests.m; sourceTree = "<group>"; };
		6912CF5918FE4C0500BEF59D /* DIVMainViewController.h */ = {isa = PBXFileReference; fileEncoding = 4; lastKnownFileType = sourcecode.c.h; path = DIVMainViewController.h; sourceTree = "<group>"; };
		6912CF5A18FE4C0500BEF59D /* DIVMainViewController.m */ = {isa = PBXFileReference; fileEncoding = 4; lastKnownFileType = sourcecode.c.objc; path = DIVMainViewController.m; sourceTree = "<group>"; };
		6912CF5B18FE4C0500BEF59D /* DIVMainViewController.xib */ = {isa = PBXFileReference; fileEncoding = 4; lastKnownFileType = file.xib; path = DIVMainViewController.xib; sourceTree = "<group>"; };
		6967A06718FEA8F800AD7020 /* touch.png */ = {isa = PBXFileReference; lastKnownFileType = image.png; path = touch.png; sourceTree = "<group>"; };
/* End PBXFileReference section */

/* Begin PBXFrameworksBuildPhase section */
		6912CF2418FE4BCA00BEF59D /* Frameworks */ = {
			isa = PBXFrameworksBuildPhase;
			buildActionMask = 2147483647;
			files = (
				6912CF2D18FE4BCA00BEF59D /* CoreGraphics.framework in Frameworks */,
				6912CF2F18FE4BCA00BEF59D /* UIKit.framework in Frameworks */,
				6912CF2B18FE4BCA00BEF59D /* Foundation.framework in Frameworks */,
			);
			runOnlyForDeploymentPostprocessing = 0;
		};
		6912CF3F18FE4BCA00BEF59D /* Frameworks */ = {
			isa = PBXFrameworksBuildPhase;
			buildActionMask = 2147483647;
			files = (
				6912CF4418FE4BCA00BEF59D /* XCTest.framework in Frameworks */,
				6912CF4618FE4BCA00BEF59D /* UIKit.framework in Frameworks */,
				6912CF4518FE4BCA00BEF59D /* Foundation.framework in Frameworks */,
			);
			runOnlyForDeploymentPostprocessing = 0;
		};
/* End PBXFrameworksBuildPhase section */

/* Begin PBXGroup section */
		6912CF1E18FE4BCA00BEF59D = {
			isa = PBXGroup;
			children = (
				6912CF3018FE4BCA00BEF59D /* DemoImageViewer */,
				6912CF4918FE4BCA00BEF59D /* DemoImageViewerTests */,
				6912CF2918FE4BCA00BEF59D /* Frameworks */,
				6912CF2818FE4BCA00BEF59D /* Products */,
			);
			sourceTree = "<group>";
		};
		6912CF2818FE4BCA00BEF59D /* Products */ = {
			isa = PBXGroup;
			children = (
				6912CF2718FE4BCA00BEF59D /* DemoImageViewer.app */,
				6912CF4218FE4BCA00BEF59D /* DemoImageViewerTests.xctest */,
			);
			name = Products;
			sourceTree = "<group>";
		};
		6912CF2918FE4BCA00BEF59D /* Frameworks */ = {
			isa = PBXGroup;
			children = (
				6912CF2A18FE4BCA00BEF59D /* Foundation.framework */,
				6912CF2C18FE4BCA00BEF59D /* CoreGraphics.framework */,
				6912CF2E18FE4BCA00BEF59D /* UIKit.framework */,
				6912CF4318FE4BCA00BEF59D /* XCTest.framework */,
			);
			name = Frameworks;
			sourceTree = "<group>";
		};
		6912CF3018FE4BCA00BEF59D /* DemoImageViewer */ = {
			isa = PBXGroup;
			children = (
				6912CF3918FE4BCA00BEF59D /* DIVAppDelegate.h */,
				6912CF3A18FE4BCA00BEF59D /* DIVAppDelegate.m */,
				6912CF5918FE4C0500BEF59D /* DIVMainViewController.h */,
				6912CF5A18FE4C0500BEF59D /* DIVMainViewController.m */,
				6912CF5B18FE4C0500BEF59D /* DIVMainViewController.xib */,
				6967A06718FEA8F800AD7020 /* touch.png */,
				6912CF3C18FE4BCA00BEF59D /* Images.xcassets */,
				6912CF3118FE4BCA00BEF59D /* Supporting Files */,
			);
			path = DemoImageViewer;
			sourceTree = "<group>";
		};
		6912CF3118FE4BCA00BEF59D /* Supporting Files */ = {
			isa = PBXGroup;
			children = (
				6912CF3218FE4BCA00BEF59D /* DemoImageViewer-Info.plist */,
				6912CF3318FE4BCA00BEF59D /* InfoPlist.strings */,
				6912CF3618FE4BCA00BEF59D /* main.m */,
				6912CF3818FE4BCA00BEF59D /* DemoImageViewer-Prefix.pch */,
			);
			name = "Supporting Files";
			sourceTree = "<group>";
		};
		6912CF4918FE4BCA00BEF59D /* DemoImageViewerTests */ = {
			isa = PBXGroup;
			children = (
				6912CF4F18FE4BCA00BEF59D /* DemoImageViewerTests.m */,
				6912CF4A18FE4BCA00BEF59D /* Supporting Files */,
			);
			path = DemoImageViewerTests;
			sourceTree = "<group>";
		};
		6912CF4A18FE4BCA00BEF59D /* Supporting Files */ = {
			isa = PBXGroup;
			children = (
				6912CF4B18FE4BCA00BEF59D /* DemoImageViewerTests-Info.plist */,
				6912CF4C18FE4BCA00BEF59D /* InfoPlist.strings */,
			);
			name = "Supporting Files";
			sourceTree = "<group>";
		};
/* End PBXGroup section */

/* Begin PBXNativeTarget section */
		6912CF2618FE4BCA00BEF59D /* DemoImageViewer */ = {
			isa = PBXNativeTarget;
			buildConfigurationList = 6912CF5318FE4BCA00BEF59D /* Build configuration list for PBXNativeTarget "DemoImageViewer" */;
			buildPhases = (
				6912CF2318FE4BCA00BEF59D /* Sources */,
				6912CF2418FE4BCA00BEF59D /* Frameworks */,
				6912CF2518FE4BCA00BEF59D /* Resources */,
			);
			buildRules = (
			);
			dependencies = (
			);
			name = DemoImageViewer;
			productName = DemoImageViewer;
			productReference = 6912CF2718FE4BCA00BEF59D /* DemoImageViewer.app */;
			productType = "com.apple.product-type.application";
		};
		6912CF4118FE4BCA00BEF59D /* DemoImageViewerTests */ = {
			isa = PBXNativeTarget;
			buildConfigurationList = 6912CF5618FE4BCA00BEF59D /* Build configuration list for PBXNativeTarget "DemoImageViewerTests" */;
			buildPhases = (
				6912CF3E18FE4BCA00BEF59D /* Sources */,
				6912CF3F18FE4BCA00BEF59D /* Frameworks */,
				6912CF4018FE4BCA00BEF59D /* Resources */,
			);
			buildRules = (
			);
			dependencies = (
				6912CF4818FE4BCA00BEF59D /* PBXTargetDependency */,
			);
			name = DemoImageViewerTests;
			productName = DemoImageViewerTests;
			productReference = 6912CF4218FE4BCA00BEF59D /* DemoImageViewerTests.xctest */;
			productType = "com.apple.product-type.bundle.unit-test";
		};
/* End PBXNativeTarget section */

/* Begin PBXProject section */
		6912CF1F18FE4BCA00BEF59D /* Project object */ = {
			isa = PBXProject;
			attributes = {
				CLASSPREFIX = DIV;
				LastUpgradeCheck = 0510;
				ORGANIZATIONNAME = masher;
				TargetAttributes = {
					6912CF4118FE4BCA00BEF59D = {
						TestTargetID = 6912CF2618FE4BCA00BEF59D;
					};
				};
			};
			buildConfigurationList = 6912CF2218FE4BCA00BEF59D /* Build configuration list for PBXProject "DemoImageViewer" */;
			compatibilityVersion = "Xcode 3.2";
			developmentRegion = English;
			hasScannedForEncodings = 0;
			knownRegions = (
				en,
			);
			mainGroup = 6912CF1E18FE4BCA00BEF59D;
			productRefGroup = 6912CF2818FE4BCA00BEF59D /* Products */;
			projectDirPath = "";
			projectRoot = "";
			targets = (
				6912CF2618FE4BCA00BEF59D /* DemoImageViewer */,
				6912CF4118FE4BCA00BEF59D /* DemoImageViewerTests */,
			);
		};
/* End PBXProject section */

/* Begin PBXResourcesBuildPhase section */
		6912CF2518FE4BCA00BEF59D /* Resources */ = {
			isa = PBXResourcesBuildPhase;
			buildActionMask = 2147483647;
			files = (
				6912CF5D18FE4C0500BEF59D /* DIVMainViewController.xib in Resources */,
				6912CF3518FE4BCA00BEF59D /* InfoPlist.strings in Resources */,
				6912CF3D18FE4BCA00BEF59D /* Images.xcassets in Resources */,
				6967A06818FEA8F800AD7020 /* touch.png in Resources */,
			);
			runOnlyForDeploymentPostprocessing = 0;
		};
		6912CF4018FE4BCA00BEF59D /* Resources */ = {
			isa = PBXResourcesBuildPhase;
			buildActionMask = 2147483647;
			files = (
				6912CF4E18FE4BCA00BEF59D /* InfoPlist.strings in Resources */,
			);
			runOnlyForDeploymentPostprocessing = 0;
		};
/* End PBXResourcesBuildPhase section */

/* Begin PBXSourcesBuildPhase section */
		6912CF2318FE4BCA00BEF59D /* Sources */ = {
			isa = PBXSourcesBuildPhase;
			buildActionMask = 2147483647;
			files = (
				6912CF3B18FE4BCA00BEF59D /* DIVAppDelegate.m in Sources */,
				6912CF3718FE4BCA00BEF59D /* main.m in Sources */,
				6912CF5C18FE4C0500BEF59D /* DIVMainViewController.m in Sources */,
			);
			runOnlyForDeploymentPostprocessing = 0;
		};
		6912CF3E18FE4BCA00BEF59D /* Sources */ = {
			isa = PBXSourcesBuildPhase;
			buildActionMask = 2147483647;
			files = (
				6912CF5018FE4BCA00BEF59D /* DemoImageViewerTests.m in Sources */,
			);
			runOnlyForDeploymentPostprocessing = 0;
		};
/* End PBXSourcesBuildPhase section */

/* Begin PBXTargetDependency section */
		6912CF4818FE4BCA00BEF59D /* PBXTargetDependency */ = {
			isa = PBXTargetDependency;
			target = 6912CF2618FE4BCA00BEF59D /* DemoImageViewer */;
			targetProxy = 6912CF4718FE4BCA00BEF59D /* PBXContainerItemProxy */;
		};
/* End PBXTargetDependency section */

/* Begin PBXVariantGroup section */
		6912CF3318FE4BCA00BEF59D /* InfoPlist.strings */ = {
			isa = PBXVariantGroup;
			children = (
				6912CF3418FE4BCA00BEF59D /* en */,
			);
			name = InfoPlist.strings;
			sourceTree = "<group>";
		};
		6912CF4C18FE4BCA00BEF59D /* InfoPlist.strings */ = {
			isa = PBXVariantGroup;
			children = (
				6912CF4D18FE4BCA00BEF59D /* en */,
			);
			name = InfoPlist.strings;
			sourceTree = "<group>";
		};
/* End PBXVariantGroup section */

/* Begin XCBuildConfiguration section */
		6912CF5118FE4BCA00BEF59D /* Debug */ = {
			isa = XCBuildConfiguration;
			buildSettings = {
				ALWAYS_SEARCH_USER_PATHS = NO;
				CLANG_CXX_LANGUAGE_STANDARD = "gnu++0x";
				CLANG_CXX_LIBRARY = "libc++";
				CLANG_ENABLE_MODULES = YES;
				CLANG_ENABLE_OBJC_ARC = YES;
				CLANG_WARN_BOOL_CONVERSION = YES;
				CLANG_WARN_CONSTANT_CONVERSION = YES;
				CLANG_WARN_DIRECT_OBJC_ISA_USAGE = YES_ERROR;
				CLANG_WARN_EMPTY_BODY = YES;
				CLANG_WARN_ENUM_CONVERSION = YES;
				CLANG_WARN_INT_CONVERSION = YES;
				CLANG_WARN_OBJC_ROOT_CLASS = YES_ERROR;
				CLANG_WARN__DUPLICATE_METHOD_MATCH = YES;
				"CODE_SIGN_IDENTITY[sdk=iphoneos*]" = "iPhone Developer";
				COPY_PHASE_STRIP = NO;
				GCC_C_LANGUAGE_STANDARD = gnu99;
				GCC_DYNAMIC_NO_PIC = NO;
				GCC_OPTIMIZATION_LEVEL = 0;
				GCC_PREPROCESSOR_DEFINITIONS = (
					"DEBUG=1",
					"$(inherited)",
				);
				GCC_SYMBOLS_PRIVATE_EXTERN = NO;
				GCC_WARN_64_TO_32_BIT_CONVERSION = YES;
				GCC_WARN_ABOUT_RETURN_TYPE = YES_ERROR;
				GCC_WARN_UNDECLARED_SELECTOR = YES;
				GCC_WARN_UNINITIALIZED_AUTOS = YES_AGGRESSIVE;
				GCC_WARN_UNUSED_FUNCTION = YES;
				GCC_WARN_UNUSED_VARIABLE = YES;
				IPHONEOS_DEPLOYMENT_TARGET = 7.1;
				ONLY_ACTIVE_ARCH = YES;
				SDKROOT = iphoneos;
			};
			name = Debug;
		};
		6912CF5218FE4BCA00BEF59D /* Release */ = {
			isa = XCBuildConfiguration;
			buildSettings = {
				ALWAYS_SEARCH_USER_PATHS = NO;
				CLANG_CXX_LANGUAGE_STANDARD = "gnu++0x";
				CLANG_CXX_LIBRARY = "libc++";
				CLANG_ENABLE_MODULES = YES;
				CLANG_ENABLE_OBJC_ARC = YES;
				CLANG_WARN_BOOL_CONVERSION = YES;
				CLANG_WARN_CONSTANT_CONVERSION = YES;
				CLANG_WARN_DIRECT_OBJC_ISA_USAGE = YES_ERROR;
				CLANG_WARN_EMPTY_BODY = YES;
				CLANG_WARN_ENUM_CONVERSION = YES;
				CLANG_WARN_INT_CONVERSION = YES;
				CLANG_WARN_OBJC_ROOT_CLASS = YES_ERROR;
				CLANG_WARN__DUPLICATE_METHOD_MATCH = YES;
				"CODE_SIGN_IDENTITY[sdk=iphoneos*]" = "iPhone Developer";
				COPY_PHASE_STRIP = YES;
				ENABLE_NS_ASSERTIONS = NO;
				GCC_C_LANGUAGE_STANDARD = gnu99;
				GCC_WARN_64_TO_32_BIT_CONVERSION = YES;
				GCC_WARN_ABOUT_RETURN_TYPE = YES_ERROR;
				GCC_WARN_UNDECLARED_SELECTOR = YES;
				GCC_WARN_UNINITIALIZED_AUTOS = YES_AGGRESSIVE;
				GCC_WARN_UNUSED_FUNCTION = YES;
				GCC_WARN_UNUSED_VARIABLE = YES;
				IPHONEOS_DEPLOYMENT_TARGET = 7.1;
				SDKROOT = iphoneos;
				VALIDATE_PRODUCT = YES;
			};
			name = Release;
		};
		6912CF5418FE4BCA00BEF59D /* Debug */ = {
			isa = XCBuildConfiguration;
			buildSettings = {
				ASSETCATALOG_COMPILER_APPICON_NAME = AppIcon;
				ASSETCATALOG_COMPILER_LAUNCHIMAGE_NAME = LaunchImage;
				GCC_PRECOMPILE_PREFIX_HEADER = YES;
				GCC_PREFIX_HEADER = "DemoImageViewer/DemoImageViewer-Prefix.pch";
				INFOPLIST_FILE = "DemoImageViewer/DemoImageViewer-Info.plist";
				PRODUCT_NAME = "$(TARGET_NAME)";
				WRAPPER_EXTENSION = app;
			};
			name = Debug;
		};
		6912CF5518FE4BCA00BEF59D /* Release */ = {
			isa = XCBuildConfiguration;
			buildSettings = {
				ASSETCATALOG_COMPILER_APPICON_NAME = AppIcon;
				ASSETCATALOG_COMPILER_LAUNCHIMAGE_NAME = LaunchImage;
				GCC_PRECOMPILE_PREFIX_HEADER = YES;
				GCC_PREFIX_HEADER = "DemoImageViewer/DemoImageViewer-Prefix.pch";
				INFOPLIST_FILE = "DemoImageViewer/DemoImageViewer-Info.plist";
				PRODUCT_NAME = "$(TARGET_NAME)";
				WRAPPER_EXTENSION = app;
			};
			name = Release;
		};
		6912CF5718FE4BCA00BEF59D /* Debug */ = {
			isa = XCBuildConfiguration;
			buildSettings = {
				BUNDLE_LOADER = "$(BUILT_PRODUCTS_DIR)/DemoImageViewer.app/DemoImageViewer";
				FRAMEWORK_SEARCH_PATHS = (
					"$(SDKROOT)/Developer/Library/Frameworks",
					"$(inherited)",
					"$(DEVELOPER_FRAMEWORKS_DIR)",
				);
				GCC_PRECOMPILE_PREFIX_HEADER = YES;
				GCC_PREFIX_HEADER = "DemoImageViewer/DemoImageViewer-Prefix.pch";
				GCC_PREPROCESSOR_DEFINITIONS = (
					"DEBUG=1",
					"$(inherited)",
				);
				INFOPLIST_FILE = "DemoImageViewerTests/DemoImageViewerTests-Info.plist";
				PRODUCT_NAME = "$(TARGET_NAME)";
				TEST_HOST = "$(BUNDLE_LOADER)";
				WRAPPER_EXTENSION = xctest;
			};
			name = Debug;
		};
		6912CF5818FE4BCA00BEF59D /* Release */ = {
			isa = XCBuildConfiguration;
			buildSettings = {
				BUNDLE_LOADER = "$(BUILT_PRODUCTS_DIR)/DemoImageViewer.app/DemoImageViewer";
				FRAMEWORK_SEARCH_PATHS = (
					"$(SDKROOT)/Developer/Library/Frameworks",
					"$(inherited)",
					"$(DEVELOPER_FRAMEWORKS_DIR)",
				);
				GCC_PRECOMPILE_PREFIX_HEADER = YES;
				GCC_PREFIX_HEADER = "DemoImageViewer/DemoImageViewer-Prefix.pch";
				INFOPLIST_FILE = "DemoImageViewerTests/DemoImageViewerTests-Info.plist";
				PRODUCT_NAME = "$(TARGET_NAME)";
				TEST_HOST = "$(BUNDLE_LOADER)";
				WRAPPER_EXTENSION = xctest;
			};
			name = Release;
		};
/* End XCBuildConfiguration section */

/* Begin XCConfigurationList section */
		6912CF2218FE4BCA00BEF59D /* Build configuration list for PBXProject "DemoImageViewer" */ = {
			isa = XCConfigurationList;
			buildConfigurations = (
				6912CF5118FE4BCA00BEF59D /* Debug */,
				6912CF5218FE4BCA00BEF59D /* Release */,
			);
			defaultConfigurationIsVisible = 0;
			defaultConfigurationName = Release;
		};
		6912CF5318FE4BCA00BEF59D /* Build configuration list for PBXNativeTarget "DemoImageViewer" */ = {
			isa = XCConfigurationList;
			buildConfigurations = (
				6912CF5418FE4BCA00BEF59D /* Debug */,
				6912CF5518FE4BCA00BEF59D /* Release */,
			);
			defaultConfigurationIsVisible = 0;
			defaultConfigurationName = Release;
		};
		6912CF5618FE4BCA00BEF59D /* Build configuration list for PBXNativeTarget "DemoImageViewerTests" */ = {
			isa = XCConfigurationList;
			buildConfigurations = (
				6912CF5718FE4BCA00BEF59D /* Debug */,
				6912CF5818FE4BCA00BEF59D /* Release */,
			);
			defaultConfigurationIsVisible = 0;
			defaultConfigurationName = Release;
		};
/* End XCConfigurationList section */
	};
	rootObject = 6912CF1F18FE4BCA00BEF59D /* Project object */;
}
